
Microsoft Visual Studio Solution File, Format Version 12.00
# Visual Studio Version 16
VisualStudioVersion = 16.0.30621.155
MinimumVisualStudioVersion = 10.0.40219.1
Project("{FAE04EC0-301F-11D3-BF4B-00C04F79EFBC}") = "InvoiceManagement.App.Api", "InvoiceManagement.App.Api\InvoiceManagement.App.Api.csproj", "{536546C5-6A04-4A4C-B2C9-CA0FD954C014}"
EndProject
Project("{FAE04EC0-301F-11D3-BF4B-00C04F79EFBC}") = "InvoiceManagementApp.Domain", "InvoiceManagementApp.Domain\InvoiceManagementApp.Domain.csproj", "{9C141AF8-413F-49AE-B453-E8511E41069B}"
EndProject
Project("{FAE04EC0-301F-11D3-BF4B-00C04F79EFBC}") = "InvoiceManagementApp.Application", "InvoiceManagementApp.Application\InvoiceManagementApp.Application.csproj", "{284A8C50-ECAF-40FE-840D-49529A4999A9}"
EndProject
Project("{FAE04EC0-301F-11D3-BF4B-00C04F79EFBC}") = "InvoiceManagementApp.Infrastructure", "InvoiceManagementApp.Infrastructure\InvoiceManagementApp.Infrastructure.csproj", "{6767F4BB-9217-47EF-87BA-140EB12A00FB}"
EndProject
Global
	GlobalSection(SolutionConfigurationPlatforms) = preSolution
		Debug|Any CPU = Debug|Any CPU
		Release|Any CPU = Release|Any CPU
	EndGlobalSection
	GlobalSection(ProjectConfigurationPlatforms) = postSolution
		{536546C5-6A04-4A4C-B2C9-CA0FD954C014}.Debug|Any CPU.ActiveCfg = Debug|Any CPU
		{536546C5-6A04-4A4C-B2C9-CA0FD954C014}.Debug|Any CPU.Build.0 = Debug|Any CPU
		{536546C5-6A04-4A4C-B2C9-CA0FD954C014}.Release|Any CPU.ActiveCfg = Release|Any CPU
		{536546C5-6A04-4A4C-B2C9-CA0FD954C014}.Release|Any CPU.Build.0 = Release|Any CPU
		{9C141AF8-413F-49AE-B453-E8511E41069B}.Debug|Any CPU.ActiveCfg = Debug|Any CPU
		{9C141AF8-413F-49AE-B453-E8511E41069B}.Debug|Any CPU.Build.0 = Debug|Any CPU
		{9C141AF8-413F-49AE-B453-E8511E41069B}.Release|Any CPU.ActiveCfg = Release|Any CPU
		{9C141AF8-413F-49AE-B453-E8511E41069B}.Release|Any CPU.Build.0 = Release|Any CPU
		{284A8C50-ECAF-40FE-840D-49529A4999A9}.Debug|Any CPU.ActiveCfg = Debug|Any CPU
		{284A8C50-ECAF-40FE-840D-49529A4999A9}.Debug|Any CPU.Build.0 = Debug|Any CPU
		{284A8C50-ECAF-40FE-840D-49529A4999A9}.Release|Any CPU.ActiveCfg = Release|Any CPU
		{284A8C50-ECAF-40FE-840D-49529A4999A9}.Release|Any CPU.Build.0 = Release|Any CPU
		{6767F4BB-9217-47EF-87BA-140EB12A00FB}.Debug|Any CPU.ActiveCfg = Debug|Any CPU
		{6767F4BB-9217-47EF-87BA-140EB12A00FB}.Debug|Any CPU.Build.0 = Debug|Any CPU
		{6767F4BB-9217-47EF-87BA-140EB12A00FB}.Release|Any CPU.ActiveCfg = Release|Any CPU
		{6767F4BB-9217-47EF-87BA-140EB12A00FB}.Release|Any CPU.Build.0 = Release|Any CPU
	EndGlobalSection
	GlobalSection(SolutionProperties) = preSolution
		HideSolutionNode = FALSE
	EndGlobalSection
	GlobalSection(ExtensibilityGlobals) = postSolution
		SolutionGuid = {DAB8B134-1D46-40F9-9D81-88740D52A44A}
	EndGlobalSection
EndGlobal
